
Microsoft Visual Studio Solution File, Format Version 12.00
# Visual Studio Version 17
VisualStudioVersion = 17.14.36414.22 d17.14
MinimumVisualStudioVersion = 10.0.40219.1
Project("{FAE04EC0-301F-11D3-BF4B-00C04F79EFBC}") = "DesafioIcatu", "DesafioIcatu.csproj", "{783AABB2-6A98-456F-9DF4-E06842D84A5D}"
EndProject
Global
	GlobalSection(SolutionConfigurationPlatforms) = preSolution
		Debug|Any CPU = Debug|Any CPU
		Release|Any CPU = Release|Any CPU
	EndGlobalSection
	GlobalSection(ProjectConfigurationPlatforms) = postSolution
		{783AABB2-6A98-456F-9DF4-E06842D84A5D}.Debug|Any CPU.ActiveCfg = Debug|Any CPU
		{783AABB2-6A98-456F-9DF4-E06842D84A5D}.Debug|Any CPU.Build.0 = Debug|Any CPU
		{783AABB2-6A98-456F-9DF4-E06842D84A5D}.Release|Any CPU.ActiveCfg = Release|Any CPU
		{783AABB2-6A98-456F-9DF4-E06842D84A5D}.Release|Any CPU.Build.0 = Release|Any CPU
	EndGlobalSection
	GlobalSection(SolutionProperties) = preSolution
		HideSolutionNode = FALSE
	EndGlobalSection
	GlobalSection(ExtensibilityGlobals) = postSolution
		SolutionGuid = {82AA843E-CE22-4A48-AA99-CA7BF6F63AE4}
	EndGlobalSection
EndGlobal
